<?xml version="1.0" encoding="utf-8"?>
<Project ToolsVersion="4.0" xmlns="http://schemas.microsoft.com/developer/msbuild/2003">
  <ItemGroup>
    <Filter Include="Source Files">
      <UniqueIdentifier>{4FC737F1-C7A5-4376-A066-2A32D752A2FF}</UniqueIdentifier>
      <Extensions>cpp;c;cc;cxx;def;odl;idl;hpj;bat;asm;asmx</Extensions>
    </Filter>
    <Filter Include="Header Files">
      <UniqueIdentifier>{93995380-89BD-4b04-88EB-625FBE52EBFB}</UniqueIdentifier>
      <Extensions>h;hpp;hxx;hm;inl;inc;xsd</Extensions>
    </Filter>
    <Filter Include="Resource Files">
      <UniqueIdentifier>{67DA6AB6-F800-4c08-8B7A-83BB121AAD01}</UniqueIdentifier>
      <Extensions>rc;ico;cur;bmp;dlg;rc2;rct;bin;rgs;gif;jpg;jpeg;jpe;resx;tiff;tif;png;wav;mfcribbon-ms</Extensions>
    </Filter>
    <Filter Include="Source Files\window">
      <UniqueIdentifier>{c6a88709-f88e-4ed9-8196-48a91b35cad1}</UniqueIdentifier>
    </Filter>
    <Filter Include="Header Files\window">
      <UniqueIdentifier>{acc7877c-03ec-4ee1-bf55-a2db22a3ae17}</UniqueIdentifier>
    </Filter>
    <Filter Include="Header Files\D3D">
      <UniqueIdentifier>{4d852a79-9b1f-415c-b5c4-015eff8094dd}</UniqueIdentifier>
    </Filter>
    <Filter Include="Source Files\D3D">
      <UniqueIdentifier>{945a1ad1-a696-4a2e-b1bd-4aa2d63097fc}</UniqueIdentifier>
    </Filter>
  </ItemGroup>
  <ItemGroup>
    <ClInclude Include="Window.h">
      <Filter>Header Files\window</Filter>
    </ClInclude>
    <ClInclude Include="D3D.h">
      <Filter>Header Files\D3D</Filter>
    </ClInclude>
    <ClInclude Include="Surface.h">
      <Filter>Header Files\D3D</Filter>
    </ClInclude>
    <ClInclude Include="Globals.h">
      <Filter>Header Files\window</Filter>
    </ClInclude>
    <ClInclude Include="Shader.h">
      <Filter>Header Files\D3D</Filter>
    </ClInclude>
    <ClInclude Include="Camera.h">
      <Filter>Header Files\D3D</Filter>
    </ClInclude>
    <ClInclude Include="Scene.h">
      <Filter>Header Files\D3D</Filter>
    </ClInclude>
    <ClInclude Include="Texture.h">
      <Filter>Header Files\D3D</Filter>
    </ClInclude>
    <ClInclude Include="MD5Loader.h">
      <Filter>Header Files</Filter>
    </ClInclude>
  </ItemGroup>
  <ItemGroup>
    <ClCompile Include="Window.cpp">
      <Filter>Source Files\window</Filter>
    </ClCompile>
    <ClCompile Include="D3D.cpp">
      <Filter>Source Files\D3D</Filter>
    </ClCompile>
    <ClCompile Include="Surface.cpp">
      <Filter>Source Files\D3D</Filter>
    </ClCompile>
    <ClCompile Include="Shader.cpp">
      <Filter>Source Files\D3D</Filter>
    </ClCompile>
    <ClCompile Include="Camera.cpp">
      <Filter>Source Files\D3D</Filter>
    </ClCompile>
    <ClCompile Include="Globals.cpp">
      <Filter>Source Files\window</Filter>
    </ClCompile>
    <ClCompile Include="Scene.cpp">
      <Filter>Source Files\D3D</Filter>
    </ClCompile>
    <ClCompile Include="Texture.cpp">
      <Filter>Source Files\D3D</Filter>
    </ClCompile>
    <ClCompile Include="MD5Loader.cpp">
      <Filter>Source Files</Filter>
    </ClCompile>
  </ItemGroup>
  <ItemGroup>
    <FxCompile Include="..\RES\Shader.fx">
      <Filter>Resource Files</Filter>
    </FxCompile>
  </ItemGroup>
</Project>